
Microsoft Visual Studio Solution File, Format Version 12.00
# Visual Studio Version 16
VisualStudioVersion = 16.0.32126.315
MinimumVisualStudioVersion = 10.0.40219.1
Project("{FAE04EC0-301F-11D3-BF4B-00C04F79EFBC}") = "BlockChainExample", "BlockChainExample.csproj", "{7D2F01F7-A940-485A-8A26-299667BCC745}"
EndProject
Global
	GlobalSection(SolutionConfigurationPlatforms) = preSolution
		Debug|Any CPU = Debug|Any CPU
		Release|Any CPU = Release|Any CPU
	EndGlobalSection
	GlobalSection(ProjectConfigurationPlatforms) = postSolution
		{7D2F01F7-A940-485A-8A26-299667BCC745}.Debug|Any CPU.ActiveCfg = Debug|Any CPU
		{7D2F01F7-A940-485A-8A26-299667BCC745}.Debug|Any CPU.Build.0 = Debug|Any CPU
		{7D2F01F7-A940-485A-8A26-299667BCC745}.Release|Any CPU.ActiveCfg = Release|Any CPU
		{7D2F01F7-A940-485A-8A26-299667BCC745}.Release|Any CPU.Build.0 = Release|Any CPU
	EndGlobalSection
	GlobalSection(SolutionProperties) = preSolution
		HideSolutionNode = FALSE
	EndGlobalSection
	GlobalSection(ExtensibilityGlobals) = postSolution
		SolutionGuid = {9081793C-76A4-472D-B478-4FF5EE1AB3CA}
	EndGlobalSection
EndGlobal
